{
  "version": 4,
  "terraform_version": "1.3.7",
  "serial": 7,
  "lineage": "c80cb819-1a0e-5dd8-0d0f-91d3f05d6c42",
  "outputs": {},
  "resources": [
    {
      "mode": "managed",
      "type": "local_file",
      "name": "fileNew",
      "provider": "provider[\"registry.terraform.io/hashicorp/local\"]",
      "instances": [
        {
          "schema_version": 0,
          "attributes": {
            "content": "content from map",
            "content_base64": null,
            "directory_permission": "0777",
            "file_permission": "0777",
            "filename": "file23.py",
            "id": "796f005f859571701576d14f2a2fa78e49a35445",
            "sensitive_content": null,
            "source": null
          },
          "sensitive_attributes": []
        }
      ]
    }
  ],
  "check_results": null
}
